
Microsoft Visual Studio Solution File, Format Version 12.00
# Visual Studio 15
VisualStudioVersion = 15.0.26430.16
MinimumVisualStudioVersion = 10.0.40219.1
Project("{FAE04EC0-301F-11D3-BF4B-00C04F79EFBC}") = "BobbyBot", "BobbyBot\BobbyBot.csproj", "{280604D1-C776-4009-8FA0-9D2AA1DAD453}"
EndProject
Project("{FAE04EC0-301F-11D3-BF4B-00C04F79EFBC}") = "Testing", "Testing\Testing.csproj", "{8B02BAA8-E0AC-498E-87D5-2439E7071540}"
EndProject
Global
	GlobalSection(SolutionConfigurationPlatforms) = preSolution
		Debug|Any CPU = Debug|Any CPU
		Release|Any CPU = Release|Any CPU
	EndGlobalSection
	GlobalSection(ProjectConfigurationPlatforms) = postSolution
		{280604D1-C776-4009-8FA0-9D2AA1DAD453}.Debug|Any CPU.ActiveCfg = Debug|Any CPU
		{280604D1-C776-4009-8FA0-9D2AA1DAD453}.Debug|Any CPU.Build.0 = Debug|Any CPU
		{280604D1-C776-4009-8FA0-9D2AA1DAD453}.Release|Any CPU.ActiveCfg = Release|Any CPU
		{280604D1-C776-4009-8FA0-9D2AA1DAD453}.Release|Any CPU.Build.0 = Release|Any CPU
		{8B02BAA8-E0AC-498E-87D5-2439E7071540}.Debug|Any CPU.ActiveCfg = Debug|Any CPU
		{8B02BAA8-E0AC-498E-87D5-2439E7071540}.Debug|Any CPU.Build.0 = Debug|Any CPU
		{8B02BAA8-E0AC-498E-87D5-2439E7071540}.Release|Any CPU.ActiveCfg = Release|Any CPU
		{8B02BAA8-E0AC-498E-87D5-2439E7071540}.Release|Any CPU.Build.0 = Release|Any CPU
	EndGlobalSection
	GlobalSection(SolutionProperties) = preSolution
		HideSolutionNode = FALSE
	EndGlobalSection
EndGlobal
